
Microsoft Visual Studio Solution File, Format Version 12.00
# Visual Studio Version 17
VisualStudioVersion = 17.3.32929.385
MinimumVisualStudioVersion = 10.0.40219.1
Project("{FAE04EC0-301F-11D3-BF4B-00C04F79EFBC}") = "EveryoneHere", "EveryoneHere\EveryoneHere.csproj", "{052AD5FC-E4BF-48FA-AC66-1FEEF1035B77}"
EndProject
Global
	GlobalSection(SolutionConfigurationPlatforms) = preSolution
		Debug|Any CPU = Debug|Any CPU
		Release|Any CPU = Release|Any CPU
	EndGlobalSection
	GlobalSection(ProjectConfigurationPlatforms) = postSolution
		{052AD5FC-E4BF-48FA-AC66-1FEEF1035B77}.Debug|Any CPU.ActiveCfg = Debug|Any CPU
		{052AD5FC-E4BF-48FA-AC66-1FEEF1035B77}.Debug|Any CPU.Build.0 = Debug|Any CPU
		{052AD5FC-E4BF-48FA-AC66-1FEEF1035B77}.Release|Any CPU.ActiveCfg = Release|Any CPU
		{052AD5FC-E4BF-48FA-AC66-1FEEF1035B77}.Release|Any CPU.Build.0 = Release|Any CPU
	EndGlobalSection
	GlobalSection(SolutionProperties) = preSolution
		HideSolutionNode = FALSE
	EndGlobalSection
	GlobalSection(ExtensibilityGlobals) = postSolution
		SolutionGuid = {BD67AE6D-A70B-4218-9DF2-F06C6C081C3D}
	EndGlobalSection
EndGlobal
